{
  "name": "defense-validation-prototype",
  "version": "0.1.0",
  "lockfileVersion": 3,
  "requires": true,
  "packages": {
    "": {
      "name": "defense-validation-prototype",
      "version": "0.1.0",
      "dependencies": {
        "@electric-sql/pglite": "^0.5.5"
      },
      "engines": {
        "node": ">=20"
      }
    },
    "node_modules/@electric-sql/pglite": {
      "version": "0.5.5",
      "resolved": "https://registry.npmjs.org/@electric-sql/pglite/-/pglite-0.5.5.tgz",
      "integrity": "sha512-QeZ+oB7QaU4EJj2awrB8hwFZ5TXxLRBQ9Gfq0dQauYDdWsRtuWRCERgtri35vRfL07KQHlVlc/4Qxvn7a5AXeA==",
      "license": "Apache-2.0"
    }
  }
}
